
Microsoft Visual Studio Solution File, Format Version 12.00
# Visual Studio Version 17
VisualStudioVersion = 17.14.37111.16 d17.14
MinimumVisualStudioVersion = 10.0.40219.1
Project("{FAE04EC0-301F-11D3-BF4B-00C04F79EFBC}") = "Aogiri", "Aogiri.csproj", "{DDE04070-C7F0-AE69-1704-32C70331828D}"
EndProject
Global
	GlobalSection(SolutionConfigurationPlatforms) = preSolution
		Debug|Any CPU = Debug|Any CPU
		Release|Any CPU = Release|Any CPU
	EndGlobalSection
	GlobalSection(ProjectConfigurationPlatforms) = postSolution
		{DDE04070-C7F0-AE69-1704-32C70331828D}.Debug|Any CPU.ActiveCfg = Debug|Any CPU
		{DDE04070-C7F0-AE69-1704-32C70331828D}.Debug|Any CPU.Build.0 = Debug|Any CPU
		{DDE04070-C7F0-AE69-1704-32C70331828D}.Release|Any CPU.ActiveCfg = Release|Any CPU
		{DDE04070-C7F0-AE69-1704-32C70331828D}.Release|Any CPU.Build.0 = Release|Any CPU
	EndGlobalSection
	GlobalSection(SolutionProperties) = preSolution
		HideSolutionNode = FALSE
	EndGlobalSection
	GlobalSection(ExtensibilityGlobals) = postSolution
		SolutionGuid = {AADEB2D3-D53F-4A36-A338-5241C079FDA9}
	EndGlobalSection
EndGlobal
